
Microsoft Visual Studio Solution File, Format Version 12.00
# Visual Studio Version 17
VisualStudioVersion = 17.2.32516.85
MinimumVisualStudioVersion = 10.0.40219.1
Project("{9A19103F-16F7-4668-BE54-9A1E7A4F7556}") = "Laboratory.AWS.Api", "Laboratory.AWS.Api\Laboratory.AWS.Api.csproj", "{3ECA90C8-1723-4DCC-98BC-E25D1882B0F6}"
EndProject
Project("{9A19103F-16F7-4668-BE54-9A1E7A4F7556}") = "Laboratory.AWS.Models", "Laboratory.AWS.Models\Laboratory.AWS.Models.csproj", "{3B8179A6-3E2B-43AD-B09D-DBA61192BA3C}"
EndProject
Project("{9A19103F-16F7-4668-BE54-9A1E7A4F7556}") = "Laboratory.AWS.Persistence", "Laboratory.AWS.Persistence\Laboratory.AWS.Persistence.csproj", "{3097757A-AD23-4B81-86F9-D3783E22B9E1}"
EndProject
Project("{FAE04EC0-301F-11D3-BF4B-00C04F79EFBC}") = "Laboratory.AWS.SNS", "Laboratory.AWS.SNS\Laboratory.AWS.SNS.csproj", "{92EF2666-71FD-4B97-B7F5-64ACA9159058}"
EndProject
Global
	GlobalSection(SolutionConfigurationPlatforms) = preSolution
		Debug|Any CPU = Debug|Any CPU
		Release|Any CPU = Release|Any CPU
	EndGlobalSection
	GlobalSection(ProjectConfigurationPlatforms) = postSolution
		{3ECA90C8-1723-4DCC-98BC-E25D1882B0F6}.Debug|Any CPU.ActiveCfg = Debug|Any CPU
		{3ECA90C8-1723-4DCC-98BC-E25D1882B0F6}.Debug|Any CPU.Build.0 = Debug|Any CPU
		{3ECA90C8-1723-4DCC-98BC-E25D1882B0F6}.Release|Any CPU.ActiveCfg = Release|Any CPU
		{3ECA90C8-1723-4DCC-98BC-E25D1882B0F6}.Release|Any CPU.Build.0 = Release|Any CPU
		{3B8179A6-3E2B-43AD-B09D-DBA61192BA3C}.Debug|Any CPU.ActiveCfg = Debug|Any CPU
		{3B8179A6-3E2B-43AD-B09D-DBA61192BA3C}.Debug|Any CPU.Build.0 = Debug|Any CPU
		{3B8179A6-3E2B-43AD-B09D-DBA61192BA3C}.Release|Any CPU.ActiveCfg = Release|Any CPU
		{3B8179A6-3E2B-43AD-B09D-DBA61192BA3C}.Release|Any CPU.Build.0 = Release|Any CPU
		{3097757A-AD23-4B81-86F9-D3783E22B9E1}.Debug|Any CPU.ActiveCfg = Debug|Any CPU
		{3097757A-AD23-4B81-86F9-D3783E22B9E1}.Debug|Any CPU.Build.0 = Debug|Any CPU
		{3097757A-AD23-4B81-86F9-D3783E22B9E1}.Release|Any CPU.ActiveCfg = Release|Any CPU
		{3097757A-AD23-4B81-86F9-D3783E22B9E1}.Release|Any CPU.Build.0 = Release|Any CPU
		{92EF2666-71FD-4B97-B7F5-64ACA9159058}.Debug|Any CPU.ActiveCfg = Debug|Any CPU
		{92EF2666-71FD-4B97-B7F5-64ACA9159058}.Debug|Any CPU.Build.0 = Debug|Any CPU
		{92EF2666-71FD-4B97-B7F5-64ACA9159058}.Release|Any CPU.ActiveCfg = Release|Any CPU
		{92EF2666-71FD-4B97-B7F5-64ACA9159058}.Release|Any CPU.Build.0 = Release|Any CPU
	EndGlobalSection
	GlobalSection(SolutionProperties) = preSolution
		HideSolutionNode = FALSE
	EndGlobalSection
	GlobalSection(ExtensibilityGlobals) = postSolution
		SolutionGuid = {70339A1F-0A18-4ECE-93D0-9712DFA4FBB4}
	EndGlobalSection
EndGlobal
